
Microsoft Visual Studio Solution File, Format Version 12.00
# Visual Studio Version 17
VisualStudioVersion = 17.0.31912.275
MinimumVisualStudioVersion = 10.0.40219.1
Project("{9A19103F-16F7-4668-BE54-9A1E7A4F7556}") = "WorkingWithNumbers", "WorkingWithNumbers\WorkingWithNumbers.csproj", "{FFC07746-9B1C-4A80-A3F8-6B7B0DB19A4F}"
EndProject
Project("{9A19103F-16F7-4668-BE54-9A1E7A4F7556}") = "WorkingWithText", "WorkingWithText\WorkingWithText.csproj", "{B18408C8-5355-4208-9AAB-DD4A2CE24243}"
EndProject
Project("{9A19103F-16F7-4668-BE54-9A1E7A4F7556}") = "WorkingWithTime", "WorkingWithTime\WorkingWithTime.csproj", "{57D746B7-5CD6-4EF2-8A5C-C8285BB227C9}"
EndProject
Project("{9A19103F-16F7-4668-BE54-9A1E7A4F7556}") = "WorkingWithRegularExpressions", "WorkingWithRegularExpressions\WorkingWithRegularExpressions.csproj", "{75BC40B3-9A92-46D3-A17D-6093BEE0BF52}"
EndProject
Project("{9A19103F-16F7-4668-BE54-9A1E7A4F7556}") = "WorkingWithCollections", "WorkingWithCollections\WorkingWithCollections.csproj", "{72D1A5AE-F2FA-4D2F-9EE6-A4CB64E7ECA0}"
EndProject
Project("{9A19103F-16F7-4668-BE54-9A1E7A4F7556}") = "WorkingWithRanges", "WorkingWithRanges\WorkingWithRanges.csproj", "{2A271A6D-FFB5-4BFF-B228-88F967257D3C}"
EndProject
Project("{9A19103F-16F7-4668-BE54-9A1E7A4F7556}") = "WorkingWithNetworkResources", "WorkingWithNetworkResources\WorkingWithNetworkResources.csproj", "{31F074BF-1825-414E-924E-A7D053D38260}"
EndProject
Project("{9A19103F-16F7-4668-BE54-9A1E7A4F7556}") = "WorkingWithReflection", "WorkingWithReflection\WorkingWithReflection.csproj", "{4485493D-AB42-416F-8692-BC70E10F99DE}"
EndProject
Project("{9A19103F-16F7-4668-BE54-9A1E7A4F7556}") = "WorkingWithImages", "WorkingWithImages\WorkingWithImages.csproj", "{B52FDC8A-9CFB-4A64-B8C6-433D06025C76}"
EndProject
Project("{9A19103F-16F7-4668-BE54-9A1E7A4F7556}") = "Internationalization", "Internationalization\Internationalization.csproj", "{BCF8FE05-0903-41EC-B505-7290C17BE074}"
EndProject
Project("{FAE04EC0-301F-11D3-BF4B-00C04F79EFBC}") = "Exercise8.2", "Exercise8.1\Exercise8.2.csproj", "{0C13910F-3349-480D-8C5E-A0A2ECF751D8}"
EndProject
Global
	GlobalSection(SolutionConfigurationPlatforms) = preSolution
		Debug|Any CPU = Debug|Any CPU
		Release|Any CPU = Release|Any CPU
	EndGlobalSection
	GlobalSection(ProjectConfigurationPlatforms) = postSolution
		{FFC07746-9B1C-4A80-A3F8-6B7B0DB19A4F}.Debug|Any CPU.ActiveCfg = Debug|Any CPU
		{FFC07746-9B1C-4A80-A3F8-6B7B0DB19A4F}.Debug|Any CPU.Build.0 = Debug|Any CPU
		{FFC07746-9B1C-4A80-A3F8-6B7B0DB19A4F}.Release|Any CPU.ActiveCfg = Release|Any CPU
		{FFC07746-9B1C-4A80-A3F8-6B7B0DB19A4F}.Release|Any CPU.Build.0 = Release|Any CPU
		{B18408C8-5355-4208-9AAB-DD4A2CE24243}.Debug|Any CPU.ActiveCfg = Debug|Any CPU
		{B18408C8-5355-4208-9AAB-DD4A2CE24243}.Debug|Any CPU.Build.0 = Debug|Any CPU
		{B18408C8-5355-4208-9AAB-DD4A2CE24243}.Release|Any CPU.ActiveCfg = Release|Any CPU
		{B18408C8-5355-4208-9AAB-DD4A2CE24243}.Release|Any CPU.Build.0 = Release|Any CPU
		{57D746B7-5CD6-4EF2-8A5C-C8285BB227C9}.Debug|Any CPU.ActiveCfg = Debug|Any CPU
		{57D746B7-5CD6-4EF2-8A5C-C8285BB227C9}.Debug|Any CPU.Build.0 = Debug|Any CPU
		{57D746B7-5CD6-4EF2-8A5C-C8285BB227C9}.Release|Any CPU.ActiveCfg = Release|Any CPU
		{57D746B7-5CD6-4EF2-8A5C-C8285BB227C9}.Release|Any CPU.Build.0 = Release|Any CPU
		{75BC40B3-9A92-46D3-A17D-6093BEE0BF52}.Debug|Any CPU.ActiveCfg = Debug|Any CPU
		{75BC40B3-9A92-46D3-A17D-6093BEE0BF52}.Debug|Any CPU.Build.0 = Debug|Any CPU
		{75BC40B3-9A92-46D3-A17D-6093BEE0BF52}.Release|Any CPU.ActiveCfg = Release|Any CPU
		{75BC40B3-9A92-46D3-A17D-6093BEE0BF52}.Release|Any CPU.Build.0 = Release|Any CPU
		{72D1A5AE-F2FA-4D2F-9EE6-A4CB64E7ECA0}.Debug|Any CPU.ActiveCfg = Debug|Any CPU
		{72D1A5AE-F2FA-4D2F-9EE6-A4CB64E7ECA0}.Debug|Any CPU.Build.0 = Debug|Any CPU
		{72D1A5AE-F2FA-4D2F-9EE6-A4CB64E7ECA0}.Release|Any CPU.ActiveCfg = Release|Any CPU
		{72D1A5AE-F2FA-4D2F-9EE6-A4CB64E7ECA0}.Release|Any CPU.Build.0 = Release|Any CPU
		{2A271A6D-FFB5-4BFF-B228-88F967257D3C}.Debug|Any CPU.ActiveCfg = Debug|Any CPU
		{2A271A6D-FFB5-4BFF-B228-88F967257D3C}.Debug|Any CPU.Build.0 = Debug|Any CPU
		{2A271A6D-FFB5-4BFF-B228-88F967257D3C}.Release|Any CPU.ActiveCfg = Release|Any CPU
		{2A271A6D-FFB5-4BFF-B228-88F967257D3C}.Release|Any CPU.Build.0 = Release|Any CPU
		{31F074BF-1825-414E-924E-A7D053D38260}.Debug|Any CPU.ActiveCfg = Debug|Any CPU
		{31F074BF-1825-414E-924E-A7D053D38260}.Debug|Any CPU.Build.0 = Debug|Any CPU
		{31F074BF-1825-414E-924E-A7D053D38260}.Release|Any CPU.ActiveCfg = Release|Any CPU
		{31F074BF-1825-414E-924E-A7D053D38260}.Release|Any CPU.Build.0 = Release|Any CPU
		{4485493D-AB42-416F-8692-BC70E10F99DE}.Debug|Any CPU.ActiveCfg = Debug|Any CPU
		{4485493D-AB42-416F-8692-BC70E10F99DE}.Debug|Any CPU.Build.0 = Debug|Any CPU
		{4485493D-AB42-416F-8692-BC70E10F99DE}.Release|Any CPU.ActiveCfg = Release|Any CPU
		{4485493D-AB42-416F-8692-BC70E10F99DE}.Release|Any CPU.Build.0 = Release|Any CPU
		{B52FDC8A-9CFB-4A64-B8C6-433D06025C76}.Debug|Any CPU.ActiveCfg = Debug|Any CPU
		{B52FDC8A-9CFB-4A64-B8C6-433D06025C76}.Debug|Any CPU.Build.0 = Debug|Any CPU
		{B52FDC8A-9CFB-4A64-B8C6-433D06025C76}.Release|Any CPU.ActiveCfg = Release|Any CPU
		{B52FDC8A-9CFB-4A64-B8C6-433D06025C76}.Release|Any CPU.Build.0 = Release|Any CPU
		{BCF8FE05-0903-41EC-B505-7290C17BE074}.Debug|Any CPU.ActiveCfg = Debug|Any CPU
		{BCF8FE05-0903-41EC-B505-7290C17BE074}.Debug|Any CPU.Build.0 = Debug|Any CPU
		{BCF8FE05-0903-41EC-B505-7290C17BE074}.Release|Any CPU.ActiveCfg = Release|Any CPU
		{BCF8FE05-0903-41EC-B505-7290C17BE074}.Release|Any CPU.Build.0 = Release|Any CPU
		{0C13910F-3349-480D-8C5E-A0A2ECF751D8}.Debug|Any CPU.ActiveCfg = Debug|Any CPU
		{0C13910F-3349-480D-8C5E-A0A2ECF751D8}.Debug|Any CPU.Build.0 = Debug|Any CPU
		{0C13910F-3349-480D-8C5E-A0A2ECF751D8}.Release|Any CPU.ActiveCfg = Release|Any CPU
		{0C13910F-3349-480D-8C5E-A0A2ECF751D8}.Release|Any CPU.Build.0 = Release|Any CPU
	EndGlobalSection
	GlobalSection(SolutionProperties) = preSolution
		HideSolutionNode = FALSE
	EndGlobalSection
	GlobalSection(ExtensibilityGlobals) = postSolution
		SolutionGuid = {AC27CB53-FEB6-4C57-A04C-C1711C693707}
	EndGlobalSection
EndGlobal
